// !$*UTF8*$!
{
	archiveVersion = 1;
	classes = {
	};
	objectVersion = 56;
	objects = {

/* Begin PBXBuildFile section */
		C95904BB2B15C85F00943FCE /* AppDelegate.swift in Sources */ = {isa = PBXBuildFile; fileRef = C95904BA2B15C85F00943FCE /* AppDelegate.swift */; };
		C95904BF2B15C85F00943FCE /* ViewController.swift in Sources */ = {isa = PBXBuildFile; fileRef = C95904BE2B15C85F00943FCE /* ViewController.swift */; };
		C95904C42B15C86000943FCE /* Assets.xcassets in Resources */ = {isa = PBXBuildFile; fileRef = C95904C32B15C86000943FCE /* Assets.xcassets */; };
		C95904C72B15C86000943FCE /* LaunchScreen.storyboard in Resources */ = {isa = PBXBuildFile; fileRef = C95904C52B15C86000943FCE /* LaunchScreen.storyboard */; };
		C95904D22B15C86000943FCE /* metronomeTests.swift in Sources */ = {isa = PBXBuildFile; fileRef = C95904D12B15C86000943FCE /* metronomeTests.swift */; };
		C95904DC2B15C86000943FCE /* metronomeUITests.swift in Sources */ = {isa = PBXBuildFile; fileRef = C95904DB2B15C86000943FCE /* metronomeUITests.swift */; };
		C95904DE2B15C86000943FCE /* metronomeUITestsLaunchTests.swift in Sources */ = {isa = PBXBuildFile; fileRef = C95904DD2B15C86000943FCE /* metronomeUITestsLaunchTests.swift */; };
		C95904F12B15CC3300943FCE /* click.wav in Resources */ = {isa = PBXBuildFile; fileRef = C95904EC2B15CC3300943FCE /* click.wav */; };
		C95904F22B15CC3300943FCE /* accent.wav in Resources */ = {isa = PBXBuildFile; fileRef = C95904ED2B15CC3300943FCE /* accent.wav */; };
		C95904F32B15CC3300943FCE /* Metronome.xcassets in Resources */ = {isa = PBXBuildFile; fileRef = C95904EF2B15CC3300943FCE /* Metronome.xcassets */; };
		C95904F42B15CC3300943FCE /* Assets.xcassets in Resources */ = {isa = PBXBuildFile; fileRef = C95904F02B15CC3300943FCE /* Assets.xcassets */; };
/* End PBXBuildFile section */

/* Begin PBXContainerItemProxy section */
		C95904CE2B15C86000943FCE /* PBXContainerItemProxy */ = {
			isa = PBXContainerItemProxy;
			containerPortal = C95904AF2B15C85F00943FCE /* Project object */;
			proxyType = 1;
			remoteGlobalIDString = C95904B62B15C85F00943FCE;
			remoteInfo = metronome;
		};
		C95904D82B15C86000943FCE /* PBXContainerItemProxy */ = {
			isa = PBXContainerItemProxy;
			containerPortal = C95904AF2B15C85F00943FCE /* Project object */;
			proxyType = 1;
			remoteGlobalIDString = C95904B62B15C85F00943FCE;
			remoteInfo = metronome;
		};
/* End PBXContainerItemProxy section */

/* Begin PBXFileReference section */
		C95904B72B15C85F00943FCE /* metronome.app */ = {isa = PBXFileReference; explicitFileType = wrapper.application; includeInIndex = 0; path = metronome.app; sourceTree = BUILT_PRODUCTS_DIR; };
		C95904BA2B15C85F00943FCE /* AppDelegate.swift */ = {isa = PBXFileReference; lastKnownFileType = sourcecode.swift; path = AppDelegate.swift; sourceTree = "<group>"; };
		C95904BE2B15C85F00943FCE /* ViewController.swift */ = {isa = PBXFileReference; lastKnownFileType = sourcecode.swift; path = ViewController.swift; sourceTree = "<group>"; };
		C95904C32B15C86000943FCE /* Assets.xcassets */ = {isa = PBXFileReference; lastKnownFileType = folder.assetcatalog; path = Assets.xcassets; sourceTree = "<group>"; };
		C95904C62B15C86000943FCE /* Base */ = {isa = PBXFileReference; lastKnownFileType = file.storyboard; name = Base; path = Base.lproj/LaunchScreen.storyboard; sourceTree = "<group>"; };
		C95904C82B15C86000943FCE /* Info.plist */ = {isa = PBXFileReference; lastKnownFileType = text.plist.xml; path = Info.plist; sourceTree = "<group>"; };
		C95904CD2B15C86000943FCE /* metronomeTests.xctest */ = {isa = PBXFileReference; explicitFileType = wrapper.cfbundle; includeInIndex = 0; path = metronomeTests.xctest; sourceTree = BUILT_PRODUCTS_DIR; };
		C95904D12B15C86000943FCE /* metronomeTests.swift */ = {isa = PBXFileReference; lastKnownFileType = sourcecode.swift; path = metronomeTests.swift; sourceTree = "<group>"; };
		C95904D72B15C86000943FCE /* metronomeUITests.xctest */ = {isa = PBXFileReference; explicitFileType = wrapper.cfbundle; includeInIndex = 0; path = metronomeUITests.xctest; sourceTree = BUILT_PRODUCTS_DIR; };
		C95904DB2B15C86000943FCE /* metronomeUITests.swift */ = {isa = PBXFileReference; lastKnownFileType = sourcecode.swift; path = metronomeUITests.swift; sourceTree = "<group>"; };
		C95904DD2B15C86000943FCE /* metronomeUITestsLaunchTests.swift */ = {isa = PBXFileReference; lastKnownFileType = sourcecode.swift; path = metronomeUITestsLaunchTests.swift; sourceTree = "<group>"; };
		C95904EC2B15CC3300943FCE /* click.wav */ = {isa = PBXFileReference; lastKnownFileType = audio.wav; path = click.wav; sourceTree = "<group>"; };
		C95904ED2B15CC3300943FCE /* accent.wav */ = {isa = PBXFileReference; lastKnownFileType = audio.wav; path = accent.wav; sourceTree = "<group>"; };
		C95904EF2B15CC3300943FCE /* Metronome.xcassets */ = {isa = PBXFileReference; lastKnownFileType = folder.assetcatalog; path = Metronome.xcassets; sourceTree = "<group>"; };
		C95904F02B15CC3300943FCE /* Assets.xcassets */ = {isa = PBXFileReference; lastKnownFileType = folder.assetcatalog; path = Assets.xcassets; sourceTree = "<group>"; };
/* End PBXFileReference section */

/* Begin PBXFrameworksBuildPhase section */
		C95904B42B15C85F00943FCE /* Frameworks */ = {
			isa = PBXFrameworksBuildPhase;
			buildActionMask = 2147483647;
			files = (
			);
			runOnlyForDeploymentPostprocessing = 0;
		};
		C95904CA2B15C86000943FCE /* Frameworks */ = {
			isa = PBXFrameworksBuildPhase;
			buildActionMask = 2147483647;
			files = (
			);
			runOnlyForDeploymentPostprocessing = 0;
		};
		C95904D42B15C86000943FCE /* Frameworks */ = {
			isa = PBXFrameworksBuildPhase;
			buildActionMask = 2147483647;
			files = (
			);
			runOnlyForDeploymentPostprocessing = 0;
		};
/* End PBXFrameworksBuildPhase section */

/* Begin PBXGroup section */
		C95904AE2B15C85F00943FCE = {
			isa = PBXGroup;
			children = (
				C95904B92B15C85F00943FCE /* metronome */,
				C95904D02B15C86000943FCE /* metronomeTests */,
				C95904DA2B15C86000943FCE /* metronomeUITests */,
				C95904B82B15C85F00943FCE /* Products */,
			);
			sourceTree = "<group>";
		};
		C95904B82B15C85F00943FCE /* Products */ = {
			isa = PBXGroup;
			children = (
				C95904B72B15C85F00943FCE /* metronome.app */,
				C95904CD2B15C86000943FCE /* metronomeTests.xctest */,
				C95904D72B15C86000943FCE /* metronomeUITests.xctest */,
			);
			name = Products;
			sourceTree = "<group>";
		};
		C95904B92B15C85F00943FCE /* metronome */ = {
			isa = PBXGroup;
			children = (
				C95904F92B15CC7700943FCE /* Application */,
				C95904F72B15CC5C00943FCE /* Extensions */,
				C95904F62B15CC5700943FCE /* Models */,
				C95904F52B15CC3E00943FCE /* Modules */,
				C95904EA2B15CC2700943FCE /* Resources */,
				C95904C52B15C86000943FCE /* LaunchScreen.storyboard */,
				C95904C82B15C86000943FCE /* Info.plist */,
			);
			path = metronome;
			sourceTree = "<group>";
		};
		C95904D02B15C86000943FCE /* metronomeTests */ = {
			isa = PBXGroup;
			children = (
				C95904D12B15C86000943FCE /* metronomeTests.swift */,
			);
			path = metronomeTests;
			sourceTree = "<group>";
		};
		C95904DA2B15C86000943FCE /* metronomeUITests */ = {
			isa = PBXGroup;
			children = (
				C95904DB2B15C86000943FCE /* metronomeUITests.swift */,
				C95904DD2B15C86000943FCE /* metronomeUITestsLaunchTests.swift */,
			);
			path = metronomeUITests;
			sourceTree = "<group>";
		};
		C95904EA2B15CC2700943FCE /* Resources */ = {
			isa = PBXGroup;
			children = (
				C95904C32B15C86000943FCE /* Assets.xcassets */,
				C95904EE2B15CC3300943FCE /* Assets */,
				C95904EB2B15CC3300943FCE /* Audio */,
			);
			path = Resources;
			sourceTree = "<group>";
		};
		C95904EB2B15CC3300943FCE /* Audio */ = {
			isa = PBXGroup;
			children = (
				C95904EC2B15CC3300943FCE /* click.wav */,
				C95904ED2B15CC3300943FCE /* accent.wav */,
			);
			path = Audio;
			sourceTree = "<group>";
		};
		C95904EE2B15CC3300943FCE /* Assets */ = {
			isa = PBXGroup;
			children = (
				C95904EF2B15CC3300943FCE /* Metronome.xcassets */,
				C95904F02B15CC3300943FCE /* Assets.xcassets */,
			);
			path = Assets;
			sourceTree = "<group>";
		};
		C95904F52B15CC3E00943FCE /* Modules */ = {
			isa = PBXGroup;
			children = (
				C95904BE2B15C85F00943FCE /* ViewController.swift */,
			);
			path = Modules;
			sourceTree = "<group>";
		};
		C95904F62B15CC5700943FCE /* Models */ = {
			isa = PBXGroup;
			children = (
			);
			path = Models;
			sourceTree = "<group>";
		};
		C95904F72B15CC5C00943FCE /* Extensions */ = {
			isa = PBXGroup;
			children = (
			);
			path = Extensions;
			sourceTree = "<group>";
		};
		C95904F92B15CC7700943FCE /* Application */ = {
			isa = PBXGroup;
			children = (
				C95904BA2B15C85F00943FCE /* AppDelegate.swift */,
			);
			path = Application;
			sourceTree = "<group>";
		};
/* End PBXGroup section */

/* Begin PBXNativeTarget section */
		C95904B62B15C85F00943FCE /* metronome */ = {
			isa = PBXNativeTarget;
			buildConfigurationList = C95904E12B15C86000943FCE /* Build configuration list for PBXNativeTarget "metronome" */;
			buildPhases = (
				C95904B32B15C85F00943FCE /* Sources */,
				C95904B42B15C85F00943FCE /* Frameworks */,
				C95904B52B15C85F00943FCE /* Resources */,
			);
			buildRules = (
			);
			dependencies = (
			);
			name = metronome;
			productName = metronome;
			productReference = C95904B72B15C85F00943FCE /* metronome.app */;
			productType = "com.apple.product-type.application";
		};
		C95904CC2B15C86000943FCE /* metronomeTests */ = {
			isa = PBXNativeTarget;
			buildConfigurationList = C95904E42B15C86000943FCE /* Build configuration list for PBXNativeTarget "metronomeTests" */;
			buildPhases = (
				C95904C92B15C86000943FCE /* Sources */,
				C95904CA2B15C86000943FCE /* Frameworks */,
				C95904CB2B15C86000943FCE /* Resources */,
			);
			buildRules = (
			);
			dependencies = (
				C95904CF2B15C86000943FCE /* PBXTargetDependency */,
			);
			name = metronomeTests;
			productName = metronomeTests;
			productReference = C95904CD2B15C86000943FCE /* metronomeTests.xctest */;
			productType = "com.apple.product-type.bundle.unit-test";
		};
		C95904D62B15C86000943FCE /* metronomeUITests */ = {
			isa = PBXNativeTarget;
			buildConfigurationList = C95904E72B15C86000943FCE /* Build configuration list for PBXNativeTarget "metronomeUITests" */;
			buildPhases = (
				C95904D32B15C86000943FCE /* Sources */,
				C95904D42B15C86000943FCE /* Frameworks */,
				C95904D52B15C86000943FCE /* Resources */,
			);
			buildRules = (
			);
			dependencies = (
				C95904D92B15C86000943FCE /* PBXTargetDependency */,
			);
			name = metronomeUITests;
			productName = metronomeUITests;
			productReference = C95904D72B15C86000943FCE /* metronomeUITests.xctest */;
			productType = "com.apple.product-type.bundle.ui-testing";
		};
/* End PBXNativeTarget section */

/* Begin PBXProject section */
		C95904AF2B15C85F00943FCE /* Project object */ = {
			isa = PBXProject;
			attributes = {
				BuildIndependentTargetsInParallel = 1;
				LastSwiftUpdateCheck = 1500;
				LastUpgradeCheck = 1500;
				TargetAttributes = {
					C95904B62B15C85F00943FCE = {
						CreatedOnToolsVersion = 15.0.1;
					};
					C95904CC2B15C86000943FCE = {
						CreatedOnToolsVersion = 15.0.1;
						TestTargetID = C95904B62B15C85F00943FCE;
					};
					C95904D62B15C86000943FCE = {
						CreatedOnToolsVersion = 15.0.1;
						TestTargetID = C95904B62B15C85F00943FCE;
					};
				};
			};
			buildConfigurationList = C95904B22B15C85F00943FCE /* Build configuration list for PBXProject "metronome" */;
			compatibilityVersion = "Xcode 14.0";
			developmentRegion = en;
			hasScannedForEncodings = 0;
			knownRegions = (
				en,
				Base,
			);
			mainGroup = C95904AE2B15C85F00943FCE;
			productRefGroup = C95904B82B15C85F00943FCE /* Products */;
			projectDirPath = "";
			projectRoot = "";
			targets = (
				C95904B62B15C85F00943FCE /* metronome */,
				C95904CC2B15C86000943FCE /* metronomeTests */,
				C95904D62B15C86000943FCE /* metronomeUITests */,
			);
		};
/* End PBXProject section */

/* Begin PBXResourcesBuildPhase section */
		C95904B52B15C85F00943FCE /* Resources */ = {
			isa = PBXResourcesBuildPhase;
			buildActionMask = 2147483647;
			files = (
				C95904F22B15CC3300943FCE /* accent.wav in Resources */,
				C95904F32B15CC3300943FCE /* Metronome.xcassets in Resources */,
				C95904F12B15CC3300943FCE /* click.wav in Resources */,
				C95904C72B15C86000943FCE /* LaunchScreen.storyboard in Resources */,
				C95904F42B15CC3300943FCE /* Assets.xcassets in Resources */,
				C95904C42B15C86000943FCE /* Assets.xcassets in Resources */,
			);
			runOnlyForDeploymentPostprocessing = 0;
		};
		C95904CB2B15C86000943FCE /* Resources */ = {
			isa = PBXResourcesBuildPhase;
			buildActionMask = 2147483647;
			files = (
			);
			runOnlyForDeploymentPostprocessing = 0;
		};
		C95904D52B15C86000943FCE /* Resources */ = {
			isa = PBXResourcesBuildPhase;
			buildActionMask = 2147483647;
			files = (
			);
			runOnlyForDeploymentPostprocessing = 0;
		};
/* End PBXResourcesBuildPhase section */

/* Begin PBXSourcesBuildPhase section */
		C95904B32B15C85F00943FCE /* Sources */ = {
			isa = PBXSourcesBuildPhase;
			buildActionMask = 2147483647;
			files = (
				C95904BF2B15C85F00943FCE /* ViewController.swift in Sources */,
				C95904BB2B15C85F00943FCE /* AppDelegate.swift in Sources */,
			);
			runOnlyForDeploymentPostprocessing = 0;
		};
		C95904C92B15C86000943FCE /* Sources */ = {
			isa = PBXSourcesBuildPhase;
			buildActionMask = 2147483647;
			files = (
				C95904D22B15C86000943FCE /* metronomeTests.swift in Sources */,
			);
			runOnlyForDeploymentPostprocessing = 0;
		};
		C95904D32B15C86000943FCE /* Sources */ = {
			isa = PBXSourcesBuildPhase;
			buildActionMask = 2147483647;
			files = (
				C95904DC2B15C86000943FCE /* metronomeUITests.swift in Sources */,
				C95904DE2B15C86000943FCE /* metronomeUITestsLaunchTests.swift in Sources */,
			);
			runOnlyForDeploymentPostprocessing = 0;
		};
/* End PBXSourcesBuildPhase section */

/* Begin PBXTargetDependency section */
		C95904CF2B15C86000943FCE /* PBXTargetDependency */ = {
			isa = PBXTargetDependency;
			target = C95904B62B15C85F00943FCE /* metronome */;
			targetProxy = C95904CE2B15C86000943FCE /* PBXContainerItemProxy */;
		};
		C95904D92B15C86000943FCE /* PBXTargetDependency */ = {
			isa = PBXTargetDependency;
			target = C95904B62B15C85F00943FCE /* metronome */;
			targetProxy = C95904D82B15C86000943FCE /* PBXContainerItemProxy */;
		};
/* End PBXTargetDependency section */

/* Begin PBXVariantGroup section */
		C95904C52B15C86000943FCE /* LaunchScreen.storyboard */ = {
			isa = PBXVariantGroup;
			children = (
				C95904C62B15C86000943FCE /* Base */,
			);
			name = LaunchScreen.storyboard;
			sourceTree = "<group>";
		};
/* End PBXVariantGroup section */

/* Begin XCBuildConfiguration section */
		C95904DF2B15C86000943FCE /* Debug */ = {
			isa = XCBuildConfiguration;
			buildSettings = {
				ALWAYS_SEARCH_USER_PATHS = NO;
				ASSETCATALOG_COMPILER_GENERATE_SWIFT_ASSET_SYMBOL_EXTENSIONS = YES;
				CLANG_ANALYZER_NONNULL = YES;
				CLANG_ANALYZER_NUMBER_OBJECT_CONVERSION = YES_AGGRESSIVE;
				CLANG_CXX_LANGUAGE_STANDARD = "gnu++20";
				CLANG_ENABLE_MODULES = YES;
				CLANG_ENABLE_OBJC_ARC = YES;
				CLANG_ENABLE_OBJC_WEAK = YES;
				CLANG_WARN_BLOCK_CAPTURE_AUTORELEASING = YES;
				CLANG_WARN_BOOL_CONVERSION = YES;
				CLANG_WARN_COMMA = YES;
				CLANG_WARN_CONSTANT_CONVERSION = YES;
				CLANG_WARN_DEPRECATED_OBJC_IMPLEMENTATIONS = YES;
				CLANG_WARN_DIRECT_OBJC_ISA_USAGE = YES_ERROR;
				CLANG_WARN_DOCUMENTATION_COMMENTS = YES;
				CLANG_WARN_EMPTY_BODY = YES;
				CLANG_WARN_ENUM_CONVERSION = YES;
				CLANG_WARN_INFINITE_RECURSION = YES;
				CLANG_WARN_INT_CONVERSION = YES;
				CLANG_WARN_NON_LITERAL_NULL_CONVERSION = YES;
				CLANG_WARN_OBJC_IMPLICIT_RETAIN_SELF = YES;
				CLANG_WARN_OBJC_LITERAL_CONVERSION = YES;
				CLANG_WARN_OBJC_ROOT_CLASS = YES_ERROR;
				CLANG_WARN_QUOTED_INCLUDE_IN_FRAMEWORK_HEADER = YES;
				CLANG_WARN_RANGE_LOOP_ANALYSIS = YES;
				CLANG_WARN_STRICT_PROTOTYPES = YES;
				CLANG_WARN_SUSPICIOUS_MOVE = YES;
				CLANG_WARN_UNGUARDED_AVAILABILITY = YES_AGGRESSIVE;
				CLANG_WARN_UNREACHABLE_CODE = YES;
				CLANG_WARN__DUPLICATE_METHOD_MATCH = YES;
				COPY_PHASE_STRIP = NO;
				DEBUG_INFORMATION_FORMAT = dwarf;
				ENABLE_STRICT_OBJC_MSGSEND = YES;
				ENABLE_TESTABILITY = YES;
				ENABLE_USER_SCRIPT_SANDBOXING = YES;
				GCC_C_LANGUAGE_STANDARD = gnu17;
				GCC_DYNAMIC_NO_PIC = NO;
				GCC_NO_COMMON_BLOCKS = YES;
				GCC_OPTIMIZATION_LEVEL = 0;
				GCC_PREPROCESSOR_DEFINITIONS = (
					"DEBUG=1",
					"$(inherited)",
				);
				GCC_WARN_64_TO_32_BIT_CONVERSION = YES;
				GCC_WARN_ABOUT_RETURN_TYPE = YES_ERROR;
				GCC_WARN_UNDECLARED_SELECTOR = YES;
				GCC_WARN_UNINITIALIZED_AUTOS = YES_AGGRESSIVE;
				GCC_WARN_UNUSED_FUNCTION = YES;
				GCC_WARN_UNUSED_VARIABLE = YES;
				IPHONEOS_DEPLOYMENT_TARGET = 17.0;
				LOCALIZATION_PREFERS_STRING_CATALOGS = YES;
				MTL_ENABLE_DEBUG_INFO = INCLUDE_SOURCE;
				MTL_FAST_MATH = YES;
				ONLY_ACTIVE_ARCH = YES;
				SDKROOT = iphoneos;
				SWIFT_ACTIVE_COMPILATION_CONDITIONS = "DEBUG $(inherited)";
				SWIFT_OPTIMIZATION_LEVEL = "-Onone";
			};
			name = Debug;
		};
		C95904E02B15C86000943FCE /* Release */ = {
			isa = XCBuildConfiguration;
			buildSettings = {
				ALWAYS_SEARCH_USER_PATHS = NO;
				ASSETCATALOG_COMPILER_GENERATE_SWIFT_ASSET_SYMBOL_EXTENSIONS = YES;
				CLANG_ANALYZER_NONNULL = YES;
				CLANG_ANALYZER_NUMBER_OBJECT_CONVERSION = YES_AGGRESSIVE;
				CLANG_CXX_LANGUAGE_STANDARD = "gnu++20";
				CLANG_ENABLE_MODULES = YES;
				CLANG_ENABLE_OBJC_ARC = YES;
				CLANG_ENABLE_OBJC_WEAK = YES;
				CLANG_WARN_BLOCK_CAPTURE_AUTORELEASING = YES;
				CLANG_WARN_BOOL_CONVERSION = YES;
				CLANG_WARN_COMMA = YES;
				CLANG_WARN_CONSTANT_CONVERSION = YES;
				CLANG_WARN_DEPRECATED_OBJC_IMPLEMENTATIONS = YES;
				CLANG_WARN_DIRECT_OBJC_ISA_USAGE = YES_ERROR;
				CLANG_WARN_DOCUMENTATION_COMMENTS = YES;
				CLANG_WARN_EMPTY_BODY = YES;
				CLANG_WARN_ENUM_CONVERSION = YES;
				CLANG_WARN_INFINITE_RECURSION = YES;
				CLANG_WARN_INT_CONVERSION = YES;
				CLANG_WARN_NON_LITERAL_NULL_CONVERSION = YES;
				CLANG_WARN_OBJC_IMPLICIT_RETAIN_SELF = YES;
				CLANG_WARN_OBJC_LITERAL_CONVERSION = YES;
				CLANG_WARN_OBJC_ROOT_CLASS = YES_ERROR;
				CLANG_WARN_QUOTED_INCLUDE_IN_FRAMEWORK_HEADER = YES;
				CLANG_WARN_RANGE_LOOP_ANALYSIS = YES;
				CLANG_WARN_STRICT_PROTOTYPES = YES;
				CLANG_WARN_SUSPICIOUS_MOVE = YES;
				CLANG_WARN_UNGUARDED_AVAILABILITY = YES_AGGRESSIVE;
				CLANG_WARN_UNREACHABLE_CODE = YES;
				CLANG_WARN__DUPLICATE_METHOD_MATCH = YES;
				COPY_PHASE_STRIP = NO;
				DEBUG_INFORMATION_FORMAT = "dwarf-with-dsym";
				ENABLE_NS_ASSERTIONS = NO;
				ENABLE_STRICT_OBJC_MSGSEND = YES;
				ENABLE_USER_SCRIPT_SANDBOXING = YES;
				GCC_C_LANGUAGE_STANDARD = gnu17;
				GCC_NO_COMMON_BLOCKS = YES;
				GCC_WARN_64_TO_32_BIT_CONVERSION = YES;
				GCC_WARN_ABOUT_RETURN_TYPE = YES_ERROR;
				GCC_WARN_UNDECLARED_SELECTOR = YES;
				GCC_WARN_UNINITIALIZED_AUTOS = YES_AGGRESSIVE;
				GCC_WARN_UNUSED_FUNCTION = YES;
				GCC_WARN_UNUSED_VARIABLE = YES;
				IPHONEOS_DEPLOYMENT_TARGET = 17.0;
				LOCALIZATION_PREFERS_STRING_CATALOGS = YES;
				MTL_ENABLE_DEBUG_INFO = NO;
				MTL_FAST_MATH = YES;
				SDKROOT = iphoneos;
				SWIFT_COMPILATION_MODE = wholemodule;
				VALIDATE_PRODUCT = YES;
			};
			name = Release;
		};
		C95904E22B15C86000943FCE /* Debug */ = {
			isa = XCBuildConfiguration;
			buildSettings = {
				ASSETCATALOG_COMPILER_APPICON_NAME = AppIcon;
				ASSETCATALOG_COMPILER_GLOBAL_ACCENT_COLOR_NAME = AccentColor;
				CODE_SIGN_STYLE = Automatic;
				CURRENT_PROJECT_VERSION = 1;
				DEVELOPMENT_TEAM = 5JQS3FU5R6;
				GENERATE_INFOPLIST_FILE = YES;
				INFOPLIST_FILE = metronome/Info.plist;
				INFOPLIST_KEY_UIApplicationSupportsIndirectInputEvents = YES;
				INFOPLIST_KEY_UILaunchStoryboardName = LaunchScreen;
				INFOPLIST_KEY_UISupportedInterfaceOrientations_iPad = "UIInterfaceOrientationPortrait UIInterfaceOrientationPortraitUpsideDown UIInterfaceOrientationLandscapeLeft UIInterfaceOrientationLandscapeRight";
				INFOPLIST_KEY_UISupportedInterfaceOrientations_iPhone = "UIInterfaceOrientationPortrait UIInterfaceOrientationLandscapeLeft UIInterfaceOrientationLandscapeRight";
				LD_RUNPATH_SEARCH_PATHS = (
					"$(inherited)",
					"@executable_path/Frameworks",
				);
				MARKETING_VERSION = 1.0;
				PRODUCT_BUNDLE_IDENTIFIER = com.parkjju.metronome;
				PRODUCT_NAME = "$(TARGET_NAME)";
				SWIFT_EMIT_LOC_STRINGS = YES;
				SWIFT_VERSION = 5.0;
				TARGETED_DEVICE_FAMILY = "1,2";
			};
			name = Debug;
		};
		C95904E32B15C86000943FCE /* Release */ = {
			isa = XCBuildConfiguration;
			buildSettings = {
				ASSETCATALOG_COMPILER_APPICON_NAME = AppIcon;
				ASSETCATALOG_COMPILER_GLOBAL_ACCENT_COLOR_NAME = AccentColor;
				CODE_SIGN_STYLE = Automatic;
				CURRENT_PROJECT_VERSION = 1;
				DEVELOPMENT_TEAM = 5JQS3FU5R6;
				GENERATE_INFOPLIST_FILE = YES;
				INFOPLIST_FILE = metronome/Info.plist;
				INFOPLIST_KEY_UIApplicationSupportsIndirectInputEvents = YES;
				INFOPLIST_KEY_UILaunchStoryboardName = LaunchScreen;
				INFOPLIST_KEY_UISupportedInterfaceOrientations_iPad = "UIInterfaceOrientationPortrait UIInterfaceOrientationPortraitUpsideDown UIInterfaceOrientationLandscapeLeft UIInterfaceOrientationLandscapeRight";
				INFOPLIST_KEY_UISupportedInterfaceOrientations_iPhone = "UIInterfaceOrientationPortrait UIInterfaceOrientationLandscapeLeft UIInterfaceOrientationLandscapeRight";
				LD_RUNPATH_SEARCH_PATHS = (
					"$(inherited)",
					"@executable_path/Frameworks",
				);
				MARKETING_VERSION = 1.0;
				PRODUCT_BUNDLE_IDENTIFIER = com.parkjju.metronome;
				PRODUCT_NAME = "$(TARGET_NAME)";
				SWIFT_EMIT_LOC_STRINGS = YES;
				SWIFT_VERSION = 5.0;
				TARGETED_DEVICE_FAMILY = "1,2";
			};
			name = Release;
		};
		C95904E52B15C86000943FCE /* Debug */ = {
			isa = XCBuildConfiguration;
			buildSettings = {
				ALWAYS_EMBED_SWIFT_STANDARD_LIBRARIES = YES;
				BUNDLE_LOADER = "$(TEST_HOST)";
				CODE_SIGN_STYLE = Automatic;
				CURRENT_PROJECT_VERSION = 1;
				DEVELOPMENT_TEAM = 5JQS3FU5R6;
				GENERATE_INFOPLIST_FILE = YES;
				IPHONEOS_DEPLOYMENT_TARGET = 17.0;
				MARKETING_VERSION = 1.0;
				PRODUCT_BUNDLE_IDENTIFIER = com.parkjju.metronomeTests;
				PRODUCT_NAME = "$(TARGET_NAME)";
				SWIFT_EMIT_LOC_STRINGS = NO;
				SWIFT_VERSION = 5.0;
				TARGETED_DEVICE_FAMILY = "1,2";
				TEST_HOST = "$(BUILT_PRODUCTS_DIR)/metronome.app/$(BUNDLE_EXECUTABLE_FOLDER_PATH)/metronome";
			};
			name = Debug;
		};
		C95904E62B15C86000943FCE /* Release */ = {
			isa = XCBuildConfiguration;
			buildSettings = {
				ALWAYS_EMBED_SWIFT_STANDARD_LIBRARIES = YES;
				BUNDLE_LOADER = "$(TEST_HOST)";
				CODE_SIGN_STYLE = Automatic;
				CURRENT_PROJECT_VERSION = 1;
				DEVELOPMENT_TEAM = 5JQS3FU5R6;
				GENERATE_INFOPLIST_FILE = YES;
				IPHONEOS_DEPLOYMENT_TARGET = 17.0;
				MARKETING_VERSION = 1.0;
				PRODUCT_BUNDLE_IDENTIFIER = com.parkjju.metronomeTests;
				PRODUCT_NAME = "$(TARGET_NAME)";
				SWIFT_EMIT_LOC_STRINGS = NO;
				SWIFT_VERSION = 5.0;
				TARGETED_DEVICE_FAMILY = "1,2";
				TEST_HOST = "$(BUILT_PRODUCTS_DIR)/metronome.app/$(BUNDLE_EXECUTABLE_FOLDER_PATH)/metronome";
			};
			name = Release;
		};
		C95904E82B15C86000943FCE /* Debug */ = {
			isa = XCBuildConfiguration;
			buildSettings = {
				ALWAYS_EMBED_SWIFT_STANDARD_LIBRARIES = YES;
				CODE_SIGN_STYLE = Automatic;
				CURRENT_PROJECT_VERSION = 1;
				DEVELOPMENT_TEAM = 5JQS3FU5R6;
				GENERATE_INFOPLIST_FILE = YES;
				MARKETING_VERSION = 1.0;
				PRODUCT_BUNDLE_IDENTIFIER = com.parkjju.metronomeUITests;
				PRODUCT_NAME = "$(TARGET_NAME)";
				SWIFT_EMIT_LOC_STRINGS = NO;
				SWIFT_VERSION = 5.0;
				TARGETED_DEVICE_FAMILY = "1,2";
				TEST_TARGET_NAME = metronome;
			};
			name = Debug;
		};
		C95904E92B15C86000943FCE /* Release */ = {
			isa = XCBuildConfiguration;
			buildSettings = {
				ALWAYS_EMBED_SWIFT_STANDARD_LIBRARIES = YES;
				CODE_SIGN_STYLE = Automatic;
				CURRENT_PROJECT_VERSION = 1;
				DEVELOPMENT_TEAM = 5JQS3FU5R6;
				GENERATE_INFOPLIST_FILE = YES;
				MARKETING_VERSION = 1.0;
				PRODUCT_BUNDLE_IDENTIFIER = com.parkjju.metronomeUITests;
				PRODUCT_NAME = "$(TARGET_NAME)";
				SWIFT_EMIT_LOC_STRINGS = NO;
				SWIFT_VERSION = 5.0;
				TARGETED_DEVICE_FAMILY = "1,2";
				TEST_TARGET_NAME = metronome;
			};
			name = Release;
		};
/* End XCBuildConfiguration section */

/* Begin XCConfigurationList section */
		C95904B22B15C85F00943FCE /* Build configuration list for PBXProject "metronome" */ = {
			isa = XCConfigurationList;
			buildConfigurations = (
				C95904DF2B15C86000943FCE /* Debug */,
				C95904E02B15C86000943FCE /* Release */,
			);
			defaultConfigurationIsVisible = 0;
			defaultConfigurationName = Release;
		};
		C95904E12B15C86000943FCE /* Build configuration list for PBXNativeTarget "metronome" */ = {
			isa = XCConfigurationList;
			buildConfigurations = (
				C95904E22B15C86000943FCE /* Debug */,
				C95904E32B15C86000943FCE /* Release */,
			);
			defaultConfigurationIsVisible = 0;
			defaultConfigurationName = Release;
		};
		C95904E42B15C86000943FCE /* Build configuration list for PBXNativeTarget "metronomeTests" */ = {
			isa = XCConfigurationList;
			buildConfigurations = (
				C95904E52B15C86000943FCE /* Debug */,
				C95904E62B15C86000943FCE /* Release */,
			);
			defaultConfigurationIsVisible = 0;
			defaultConfigurationName = Release;
		};
		C95904E72B15C86000943FCE /* Build configuration list for PBXNativeTarget "metronomeUITests" */ = {
			isa = XCConfigurationList;
			buildConfigurations = (
				C95904E82B15C86000943FCE /* Debug */,
				C95904E92B15C86000943FCE /* Release */,
			);
			defaultConfigurationIsVisible = 0;
			defaultConfigurationName = Release;
		};
/* End XCConfigurationList section */
	};
	rootObject = C95904AF2B15C85F00943FCE /* Project object */;
}
